
Microsoft Visual Studio Solution File, Format Version 12.00
# Visual Studio 14
VisualStudioVersion = 14.0.25420.1
MinimumVisualStudioVersion = 10.0.40219.1
Project("{FAE04EC0-301F-11D3-BF4B-00C04F79EFBC}") = "QuanLyHoiDongThiVer2", "QuanLyHoiDongThiVer2\QuanLyHoiDongThiVer2.csproj", "{0B80E0F0-2A8C-4513-A473-78082DB37436}"
EndProject
Project("{FAE04EC0-301F-11D3-BF4B-00C04F79EFBC}") = "EXON.SubData", "EXON.SubData\EXON.SubData.csproj", "{21AD1A10-CBEC-481C-9237-92FEBE540BE8}"
EndProject
Project("{FAE04EC0-301F-11D3-BF4B-00C04F79EFBC}") = "EXON.SubModel", "EXON.SubModel\EXON.SubModel.csproj", "{2BCDC94E-9AC7-41C5-9BC2-C04F5E7CFC0F}"
EndProject
Project("{FAE04EC0-301F-11D3-BF4B-00C04F79EFBC}") = "EXON.Monitor", "EXON.MONITOR\EXON.Monitor.csproj", "{C4D875A6-5C91-4F78-8148-0DC9B897A0F2}"
EndProject
Project("{54435603-DBB4-11D2-8724-00A0C9A8B90C}") = "ExonMonitor", "ExonMonitor\ExonMonitor.vdproj", "{1AF621D8-754E-429C-B232-E388E8129CBB}"
EndProject
Project("{FAE04EC0-301F-11D3-BF4B-00C04F79EFBC}") = "EXON.Common", "EXON.Common\EXON.Common.csproj", "{DF92320D-CD11-499B-8002-FF00B40F101A}"
EndProject
Project("{FAE04EC0-301F-11D3-BF4B-00C04F79EFBC}") = "EXON.GradedEssay", "EXON.GradedEssay\EXON.GradedEssay.csproj", "{31E56CFC-B1E9-4DCF-85A0-E3F43B2146D4}"
EndProject
Global
	GlobalSection(SolutionConfigurationPlatforms) = preSolution
		ASYNC|Any CPU = ASYNC|Any CPU
		ASYNC|x64 = ASYNC|x64
		ASYNC|x86 = ASYNC|x86
		CD_ROM|Any CPU = CD_ROM|Any CPU
		CD_ROM|x64 = CD_ROM|x64
		CD_ROM|x86 = CD_ROM|x86
		Debug|Any CPU = Debug|Any CPU
		Debug|x64 = Debug|x64
		Debug|x86 = Debug|x86
		DVD-5|Any CPU = DVD-5|Any CPU
		DVD-5|x64 = DVD-5|x64
		DVD-5|x86 = DVD-5|x86
		GOLD|Any CPU = GOLD|Any CPU
		GOLD|x64 = GOLD|x64
		GOLD|x86 = GOLD|x86
		Release|Any CPU = Release|Any CPU
		Release|x64 = Release|x64
		Release|x86 = Release|x86
		SingleImage|Any CPU = SingleImage|Any CPU
		SingleImage|x64 = SingleImage|x64
		SingleImage|x86 = SingleImage|x86
		STD_IMAGE|Any CPU = STD_IMAGE|Any CPU
		STD_IMAGE|x64 = STD_IMAGE|x64
		STD_IMAGE|x86 = STD_IMAGE|x86
		TRAIL_ASYNC|Any CPU = TRAIL_ASYNC|Any CPU
		TRAIL_ASYNC|x64 = TRAIL_ASYNC|x64
		TRAIL_ASYNC|x86 = TRAIL_ASYNC|x86
		TRAIL|Any CPU = TRAIL|Any CPU
		TRAIL|x64 = TRAIL|x64
		TRAIL|x86 = TRAIL|x86
	EndGlobalSection
	GlobalSection(ProjectConfigurationPlatforms) = postSolution
		{0B80E0F0-2A8C-4513-A473-78082DB37436}.ASYNC|Any CPU.ActiveCfg = Release|Any CPU
		{0B80E0F0-2A8C-4513-A473-78082DB37436}.ASYNC|Any CPU.Build.0 = Release|Any CPU
		{0B80E0F0-2A8C-4513-A473-78082DB37436}.ASYNC|x64.ActiveCfg = Release|Any CPU
		{0B80E0F0-2A8C-4513-A473-78082DB37436}.ASYNC|x64.Build.0 = Release|Any CPU
		{0B80E0F0-2A8C-4513-A473-78082DB37436}.ASYNC|x86.ActiveCfg = Release|Any CPU
		{0B80E0F0-2A8C-4513-A473-78082DB37436}.ASYNC|x86.Build.0 = Release|Any CPU
		{0B80E0F0-2A8C-4513-A473-78082DB37436}.CD_ROM|Any CPU.ActiveCfg = Debug|Any CPU
		{0B80E0F0-2A8C-4513-A473-78082DB37436}.CD_ROM|Any CPU.Build.0 = Debug|Any CPU
		{0B80E0F0-2A8C-4513-A473-78082DB37436}.CD_ROM|x64.ActiveCfg = Debug|Any CPU
		{0B80E0F0-2A8C-4513-A473-78082DB37436}.CD_ROM|x64.Build.0 = Debug|Any CPU
		{0B80E0F0-2A8C-4513-A473-78082DB37436}.CD_ROM|x86.ActiveCfg = Debug|Any CPU
		{0B80E0F0-2A8C-4513-A473-78082DB37436}.CD_ROM|x86.Build.0 = Debug|Any CPU
		{0B80E0F0-2A8C-4513-A473-78082DB37436}.Debug|Any CPU.ActiveCfg = Debug|Any CPU
		{0B80E0F0-2A8C-4513-A473-78082DB37436}.Debug|Any CPU.Build.0 = Debug|Any CPU
		{0B80E0F0-2A8C-4513-A473-78082DB37436}.Debug|x64.ActiveCfg = Debug|Any CPU
		{0B80E0F0-2A8C-4513-A473-78082DB37436}.Debug|x64.Build.0 = Debug|Any CPU
		{0B80E0F0-2A8C-4513-A473-78082DB37436}.Debug|x86.ActiveCfg = Debug|Any CPU
		{0B80E0F0-2A8C-4513-A473-78082DB37436}.Debug|x86.Build.0 = Debug|Any CPU
		{0B80E0F0-2A8C-4513-A473-78082DB37436}.DVD-5|Any CPU.ActiveCfg = Debug|Any CPU
		{0B80E0F0-2A8C-4513-A473-78082DB37436}.DVD-5|Any CPU.Build.0 = Debug|Any CPU
		{0B80E0F0-2A8C-4513-A473-78082DB37436}.DVD-5|x64.ActiveCfg = Debug|Any CPU
		{0B80E0F0-2A8C-4513-A473-78082DB37436}.DVD-5|x64.Build.0 = Debug|Any CPU
		{0B80E0F0-2A8C-4513-A473-78082DB37436}.DVD-5|x86.ActiveCfg = Debug|Any CPU
		{0B80E0F0-2A8C-4513-A473-78082DB37436}.DVD-5|x86.Build.0 = Debug|Any CPU
		{0B80E0F0-2A8C-4513-A473-78082DB37436}.GOLD|Any CPU.ActiveCfg = Release|Any CPU
		{0B80E0F0-2A8C-4513-A473-78082DB37436}.GOLD|Any CPU.Build.0 = Release|Any CPU
		{0B80E0F0-2A8C-4513-A473-78082DB37436}.GOLD|x64.ActiveCfg = Release|Any CPU
		{0B80E0F0-2A8C-4513-A473-78082DB37436}.GOLD|x64.Build.0 = Release|Any CPU
		{0B80E0F0-2A8C-4513-A473-78082DB37436}.GOLD|x86.ActiveCfg = Release|Any CPU
		{0B80E0F0-2A8C-4513-A473-78082DB37436}.GOLD|x86.Build.0 = Release|Any CPU
		{0B80E0F0-2A8C-4513-A473-78082DB37436}.Release|Any CPU.ActiveCfg = Release|Any CPU
		{0B80E0F0-2A8C-4513-A473-78082DB37436}.Release|Any CPU.Build.0 = Release|Any CPU
		{0B80E0F0-2A8C-4513-A473-78082DB37436}.Release|x64.ActiveCfg = Release|Any CPU
		{0B80E0F0-2A8C-4513-A473-78082DB37436}.Release|x64.Build.0 = Release|Any CPU
		{0B80E0F0-2A8C-4513-A473-78082DB37436}.Release|x86.ActiveCfg = Release|Any CPU
		{0B80E0F0-2A8C-4513-A473-78082DB37436}.Release|x86.Build.0 = Release|Any CPU
		{0B80E0F0-2A8C-4513-A473-78082DB37436}.SingleImage|Any CPU.ActiveCfg = Debug|Any CPU
		{0B80E0F0-2A8C-4513-A473-78082DB37436}.SingleImage|Any CPU.Build.0 = Debug|Any CPU
		{0B80E0F0-2A8C-4513-A473-78082DB37436}.SingleImage|x64.ActiveCfg = Debug|Any CPU
		{0B80E0F0-2A8C-4513-A473-78082DB37436}.SingleImage|x64.Build.0 = Debug|Any CPU
		{0B80E0F0-2A8C-4513-A473-78082DB37436}.SingleImage|x86.ActiveCfg = Debug|Any CPU
		{0B80E0F0-2A8C-4513-A473-78082DB37436}.SingleImage|x86.Build.0 = Debug|Any CPU
		{0B80E0F0-2A8C-4513-A473-78082DB37436}.STD_IMAGE|Any CPU.ActiveCfg = Release|Any CPU
		{0B80E0F0-2A8C-4513-A473-78082DB37436}.STD_IMAGE|Any CPU.Build.0 = Release|Any CPU
		{0B80E0F0-2A8C-4513-A473-78082DB37436}.STD_IMAGE|x64.ActiveCfg = Release|Any CPU
		{0B80E0F0-2A8C-4513-A473-78082DB37436}.STD_IMAGE|x64.Build.0 = Release|Any CPU
		{0B80E0F0-2A8C-4513-A473-78082DB37436}.STD_IMAGE|x86.ActiveCfg = Release|Any CPU
		{0B80E0F0-2A8C-4513-A473-78082DB37436}.STD_IMAGE|x86.Build.0 = Release|Any CPU
		{0B80E0F0-2A8C-4513-A473-78082DB37436}.TRAIL_ASYNC|Any CPU.ActiveCfg = Release|Any CPU
		{0B80E0F0-2A8C-4513-A473-78082DB37436}.TRAIL_ASYNC|Any CPU.Build.0 = Release|Any CPU
		{0B80E0F0-2A8C-4513-A473-78082DB37436}.TRAIL_ASYNC|x64.ActiveCfg = Release|Any CPU
		{0B80E0F0-2A8C-4513-A473-78082DB37436}.TRAIL_ASYNC|x64.Build.0 = Release|Any CPU
		{0B80E0F0-2A8C-4513-A473-78082DB37436}.TRAIL_ASYNC|x86.ActiveCfg = Release|Any CPU
		{0B80E0F0-2A8C-4513-A473-78082DB37436}.TRAIL_ASYNC|x86.Build.0 = Release|Any CPU
		{0B80E0F0-2A8C-4513-A473-78082DB37436}.TRAIL|Any CPU.ActiveCfg = Release|Any CPU
		{0B80E0F0-2A8C-4513-A473-78082DB37436}.TRAIL|Any CPU.Build.0 = Release|Any CPU
		{0B80E0F0-2A8C-4513-A473-78082DB37436}.TRAIL|x64.ActiveCfg = Release|Any CPU
		{0B80E0F0-2A8C-4513-A473-78082DB37436}.TRAIL|x64.Build.0 = Release|Any CPU
		{0B80E0F0-2A8C-4513-A473-78082DB37436}.TRAIL|x86.ActiveCfg = Release|Any CPU
		{0B80E0F0-2A8C-4513-A473-78082DB37436}.TRAIL|x86.Build.0 = Release|Any CPU
		{21AD1A10-CBEC-481C-9237-92FEBE540BE8}.ASYNC|Any CPU.ActiveCfg = Release|Any CPU
		{21AD1A10-CBEC-481C-9237-92FEBE540BE8}.ASYNC|Any CPU.Build.0 = Release|Any CPU
		{21AD1A10-CBEC-481C-9237-92FEBE540BE8}.ASYNC|x64.ActiveCfg = Release|Any CPU
		{21AD1A10-CBEC-481C-9237-92FEBE540BE8}.ASYNC|x64.Build.0 = Release|Any CPU
		{21AD1A10-CBEC-481C-9237-92FEBE540BE8}.ASYNC|x86.ActiveCfg = Release|Any CPU
		{21AD1A10-CBEC-481C-9237-92FEBE540BE8}.ASYNC|x86.Build.0 = Release|Any CPU
		{21AD1A10-CBEC-481C-9237-92FEBE540BE8}.CD_ROM|Any CPU.ActiveCfg = Release|Any CPU
		{21AD1A10-CBEC-481C-9237-92FEBE540BE8}.CD_ROM|Any CPU.Build.0 = Release|Any CPU
		{21AD1A10-CBEC-481C-9237-92FEBE540BE8}.CD_ROM|x64.ActiveCfg = Release|Any CPU
		{21AD1A10-CBEC-481C-9237-92FEBE540BE8}.CD_ROM|x64.Build.0 = Release|Any CPU
		{21AD1A10-CBEC-481C-9237-92FEBE540BE8}.CD_ROM|x86.ActiveCfg = Release|Any CPU
		{21AD1A10-CBEC-481C-9237-92FEBE540BE8}.CD_ROM|x86.Build.0 = Release|Any CPU
		{21AD1A10-CBEC-481C-9237-92FEBE540BE8}.Debug|Any CPU.ActiveCfg = Debug|Any CPU
		{21AD1A10-CBEC-481C-9237-92FEBE540BE8}.Debug|Any CPU.Build.0 = Debug|Any CPU
		{21AD1A10-CBEC-481C-9237-92FEBE540BE8}.Debug|x64.ActiveCfg = Debug|Any CPU
		{21AD1A10-CBEC-481C-9237-92FEBE540BE8}.Debug|x64.Build.0 = Debug|Any CPU
		{21AD1A10-CBEC-481C-9237-92FEBE540BE8}.Debug|x86.ActiveCfg = Debug|Any CPU
		{21AD1A10-CBEC-481C-9237-92FEBE540BE8}.Debug|x86.Build.0 = Debug|Any CPU
		{21AD1A10-CBEC-481C-9237-92FEBE540BE8}.DVD-5|Any CPU.ActiveCfg = Debug|Any CPU
		{21AD1A10-CBEC-481C-9237-92FEBE540BE8}.DVD-5|Any CPU.Build.0 = Debug|Any CPU
		{21AD1A10-CBEC-481C-9237-92FEBE540BE8}.DVD-5|x64.ActiveCfg = Debug|Any CPU
		{21AD1A10-CBEC-481C-9237-92FEBE540BE8}.DVD-5|x64.Build.0 = Debug|Any CPU
		{21AD1A10-CBEC-481C-9237-92FEBE540BE8}.DVD-5|x86.ActiveCfg = Debug|Any CPU
		{21AD1A10-CBEC-481C-9237-92FEBE540BE8}.DVD-5|x86.Build.0 = Debug|Any CPU
		{21AD1A10-CBEC-481C-9237-92FEBE540BE8}.GOLD|Any CPU.ActiveCfg = Release|Any CPU
		{21AD1A10-CBEC-481C-9237-92FEBE540BE8}.GOLD|Any CPU.Build.0 = Release|Any CPU
		{21AD1A10-CBEC-481C-9237-92FEBE540BE8}.GOLD|x64.ActiveCfg = Release|Any CPU
		{21AD1A10-CBEC-481C-9237-92FEBE540BE8}.GOLD|x64.Build.0 = Release|Any CPU
		{21AD1A10-CBEC-481C-9237-92FEBE540BE8}.GOLD|x86.ActiveCfg = Release|Any CPU
		{21AD1A10-CBEC-481C-9237-92FEBE540BE8}.GOLD|x86.Build.0 = Release|Any CPU
		{21AD1A10-CBEC-481C-9237-92FEBE540BE8}.Release|Any CPU.ActiveCfg = Release|Any CPU
		{21AD1A10-CBEC-481C-9237-92FEBE540BE8}.Release|Any CPU.Build.0 = Release|Any CPU
		{21AD1A10-CBEC-481C-9237-92FEBE540BE8}.Release|x64.ActiveCfg = Release|Any CPU
		{21AD1A10-CBEC-481C-9237-92FEBE540BE8}.Release|x64.Build.0 = Release|Any CPU
		{21AD1A10-CBEC-481C-9237-92FEBE540BE8}.Release|x86.ActiveCfg = Release|Any CPU
		{21AD1A10-CBEC-481C-9237-92FEBE540BE8}.Release|x86.Build.0 = Release|Any CPU
		{21AD1A10-CBEC-481C-9237-92FEBE540BE8}.SingleImage|Any CPU.ActiveCfg = Release|Any CPU
		{21AD1A10-CBEC-481C-9237-92FEBE540BE8}.SingleImage|Any CPU.Build.0 = Release|Any CPU
		{21AD1A10-CBEC-481C-9237-92FEBE540BE8}.SingleImage|x64.ActiveCfg = Release|Any CPU
		{21AD1A10-CBEC-481C-9237-92FEBE540BE8}.SingleImage|x64.Build.0 = Release|Any CPU
		{21AD1A10-CBEC-481C-9237-92FEBE540BE8}.SingleImage|x86.ActiveCfg = Release|Any CPU
		{21AD1A10-CBEC-481C-9237-92FEBE540BE8}.SingleImage|x86.Build.0 = Release|Any CPU
		{21AD1A10-CBEC-481C-9237-92FEBE540BE8}.STD_IMAGE|Any CPU.ActiveCfg = Release|Any CPU
		{21AD1A10-CBEC-481C-9237-92FEBE540BE8}.STD_IMAGE|Any CPU.Build.0 = Release|Any CPU
		{21AD1A10-CBEC-481C-9237-92FEBE540BE8}.STD_IMAGE|x64.ActiveCfg = Release|Any CPU
		{21AD1A10-CBEC-481C-9237-92FEBE540BE8}.STD_IMAGE|x64.Build.0 = Release|Any CPU
		{21AD1A10-CBEC-481C-9237-92FEBE540BE8}.STD_IMAGE|x86.ActiveCfg = Release|Any CPU
		{21AD1A10-CBEC-481C-9237-92FEBE540BE8}.STD_IMAGE|x86.Build.0 = Release|Any CPU
		{21AD1A10-CBEC-481C-9237-92FEBE540BE8}.TRAIL_ASYNC|Any CPU.ActiveCfg = Release|Any CPU
		{21AD1A10-CBEC-481C-9237-92FEBE540BE8}.TRAIL_ASYNC|Any CPU.Build.0 = Release|Any CPU
		{21AD1A10-CBEC-481C-9237-92FEBE540BE8}.TRAIL_ASYNC|x64.ActiveCfg = Release|Any CPU
		{21AD1A10-CBEC-481C-9237-92FEBE540BE8}.TRAIL_ASYNC|x64.Build.0 = Release|Any CPU
		{21AD1A10-CBEC-481C-9237-92FEBE540BE8}.TRAIL_ASYNC|x86.ActiveCfg = Release|Any CPU
		{21AD1A10-CBEC-481C-9237-92FEBE540BE8}.TRAIL_ASYNC|x86.Build.0 = Release|Any CPU
		{21AD1A10-CBEC-481C-9237-92FEBE540BE8}.TRAIL|Any CPU.ActiveCfg = Release|Any CPU
		{21AD1A10-CBEC-481C-9237-92FEBE540BE8}.TRAIL|Any CPU.Build.0 = Release|Any CPU
		{21AD1A10-CBEC-481C-9237-92FEBE540BE8}.TRAIL|x64.ActiveCfg = Release|Any CPU
		{21AD1A10-CBEC-481C-9237-92FEBE540BE8}.TRAIL|x64.Build.0 = Release|Any CPU
		{21AD1A10-CBEC-481C-9237-92FEBE540BE8}.TRAIL|x86.ActiveCfg = Release|Any CPU
		{21AD1A10-CBEC-481C-9237-92FEBE540BE8}.TRAIL|x86.Build.0 = Release|Any CPU
		{2BCDC94E-9AC7-41C5-9BC2-C04F5E7CFC0F}.ASYNC|Any CPU.ActiveCfg = Release|Any CPU
		{2BCDC94E-9AC7-41C5-9BC2-C04F5E7CFC0F}.ASYNC|Any CPU.Build.0 = Release|Any CPU
		{2BCDC94E-9AC7-41C5-9BC2-C04F5E7CFC0F}.ASYNC|x64.ActiveCfg = Release|Any CPU
		{2BCDC94E-9AC7-41C5-9BC2-C04F5E7CFC0F}.ASYNC|x64.Build.0 = Release|Any CPU
		{2BCDC94E-9AC7-41C5-9BC2-C04F5E7CFC0F}.ASYNC|x86.ActiveCfg = Release|Any CPU
		{2BCDC94E-9AC7-41C5-9BC2-C04F5E7CFC0F}.ASYNC|x86.Build.0 = Release|Any CPU
		{2BCDC94E-9AC7-41C5-9BC2-C04F5E7CFC0F}.CD_ROM|Any CPU.ActiveCfg = Release|Any CPU
		{2BCDC94E-9AC7-41C5-9BC2-C04F5E7CFC0F}.CD_ROM|Any CPU.Build.0 = Release|Any CPU
		{2BCDC94E-9AC7-41C5-9BC2-C04F5E7CFC0F}.CD_ROM|x64.ActiveCfg = Release|Any CPU
		{2BCDC94E-9AC7-41C5-9BC2-C04F5E7CFC0F}.CD_ROM|x64.Build.0 = Release|Any CPU
		{2BCDC94E-9AC7-41C5-9BC2-C04F5E7CFC0F}.CD_ROM|x86.ActiveCfg = Release|Any CPU
		{2BCDC94E-9AC7-41C5-9BC2-C04F5E7CFC0F}.CD_ROM|x86.Build.0 = Release|Any CPU
		{2BCDC94E-9AC7-41C5-9BC2-C04F5E7CFC0F}.Debug|Any CPU.ActiveCfg = Debug|Any CPU
		{2BCDC94E-9AC7-41C5-9BC2-C04F5E7CFC0F}.Debug|Any CPU.Build.0 = Debug|Any CPU
		{2BCDC94E-9AC7-41C5-9BC2-C04F5E7CFC0F}.Debug|x64.ActiveCfg = Debug|Any CPU
		{2BCDC94E-9AC7-41C5-9BC2-C04F5E7CFC0F}.Debug|x64.Build.0 = Debug|Any CPU
		{2BCDC94E-9AC7-41C5-9BC2-C04F5E7CFC0F}.Debug|x86.ActiveCfg = Debug|Any CPU
		{2BCDC94E-9AC7-41C5-9BC2-C04F5E7CFC0F}.Debug|x86.Build.0 = Debug|Any CPU
		{2BCDC94E-9AC7-41C5-9BC2-C04F5E7CFC0F}.DVD-5|Any CPU.ActiveCfg = Debug|Any CPU
		{2BCDC94E-9AC7-41C5-9BC2-C04F5E7CFC0F}.DVD-5|Any CPU.Build.0 = Debug|Any CPU
		{2BCDC94E-9AC7-41C5-9BC2-C04F5E7CFC0F}.DVD-5|x64.ActiveCfg = Debug|Any CPU
		{2BCDC94E-9AC7-41C5-9BC2-C04F5E7CFC0F}.DVD-5|x64.Build.0 = Debug|Any CPU
		{2BCDC94E-9AC7-41C5-9BC2-C04F5E7CFC0F}.DVD-5|x86.ActiveCfg = Debug|Any CPU
		{2BCDC94E-9AC7-41C5-9BC2-C04F5E7CFC0F}.DVD-5|x86.Build.0 = Debug|Any CPU
		{2BCDC94E-9AC7-41C5-9BC2-C04F5E7CFC0F}.GOLD|Any CPU.ActiveCfg = Release|Any CPU
		{2BCDC94E-9AC7-41C5-9BC2-C04F5E7CFC0F}.GOLD|Any CPU.Build.0 = Release|Any CPU
		{2BCDC94E-9AC7-41C5-9BC2-C04F5E7CFC0F}.GOLD|x64.ActiveCfg = Release|Any CPU
		{2BCDC94E-9AC7-41C5-9BC2-C04F5E7CFC0F}.GOLD|x64.Build.0 = Release|Any CPU
		{2BCDC94E-9AC7-41C5-9BC2-C04F5E7CFC0F}.GOLD|x86.ActiveCfg = Release|Any CPU
		{2BCDC94E-9AC7-41C5-9BC2-C04F5E7CFC0F}.GOLD|x86.Build.0 = Release|Any CPU
		{2BCDC94E-9AC7-41C5-9BC2-C04F5E7CFC0F}.Release|Any CPU.ActiveCfg = Release|Any CPU
		{2BCDC94E-9AC7-41C5-9BC2-C04F5E7CFC0F}.Release|Any CPU.Build.0 = Release|Any CPU
		{2BCDC94E-9AC7-41C5-9BC2-C04F5E7CFC0F}.Release|x64.ActiveCfg = Release|Any CPU
		{2BCDC94E-9AC7-41C5-9BC2-C04F5E7CFC0F}.Release|x64.Build.0 = Release|Any CPU
		{2BCDC94E-9AC7-41C5-9BC2-C04F5E7CFC0F}.Release|x86.ActiveCfg = Release|Any CPU
		{2BCDC94E-9AC7-41C5-9BC2-C04F5E7CFC0F}.Release|x86.Build.0 = Release|Any CPU
		{2BCDC94E-9AC7-41C5-9BC2-C04F5E7CFC0F}.SingleImage|Any CPU.ActiveCfg = Release|Any CPU
		{2BCDC94E-9AC7-41C5-9BC2-C04F5E7CFC0F}.SingleImage|Any CPU.Build.0 = Release|Any CPU
		{2BCDC94E-9AC7-41C5-9BC2-C04F5E7CFC0F}.SingleImage|x64.ActiveCfg = Release|Any CPU
		{2BCDC94E-9AC7-41C5-9BC2-C04F5E7CFC0F}.SingleImage|x64.Build.0 = Release|Any CPU
		{2BCDC94E-9AC7-41C5-9BC2-C04F5E7CFC0F}.SingleImage|x86.ActiveCfg = Release|Any CPU
		{2BCDC94E-9AC7-41C5-9BC2-C04F5E7CFC0F}.SingleImage|x86.Build.0 = Release|Any CPU
		{2BCDC94E-9AC7-41C5-9BC2-C04F5E7CFC0F}.STD_IMAGE|Any CPU.ActiveCfg = Release|Any CPU
		{2BCDC94E-9AC7-41C5-9BC2-C04F5E7CFC0F}.STD_IMAGE|Any CPU.Build.0 = Release|Any CPU
		{2BCDC94E-9AC7-41C5-9BC2-C04F5E7CFC0F}.STD_IMAGE|x64.ActiveCfg = Release|Any CPU
		{2BCDC94E-9AC7-41C5-9BC2-C04F5E7CFC0F}.STD_IMAGE|x64.Build.0 = Release|Any CPU
		{2BCDC94E-9AC7-41C5-9BC2-C04F5E7CFC0F}.STD_IMAGE|x86.ActiveCfg = Release|Any CPU
		{2BCDC94E-9AC7-41C5-9BC2-C04F5E7CFC0F}.STD_IMAGE|x86.Build.0 = Release|Any CPU
		{2BCDC94E-9AC7-41C5-9BC2-C04F5E7CFC0F}.TRAIL_ASYNC|Any CPU.ActiveCfg = Release|Any CPU
		{2BCDC94E-9AC7-41C5-9BC2-C04F5E7CFC0F}.TRAIL_ASYNC|Any CPU.Build.0 = Release|Any CPU
		{2BCDC94E-9AC7-41C5-9BC2-C04F5E7CFC0F}.TRAIL_ASYNC|x64.ActiveCfg = Release|Any CPU
		{2BCDC94E-9AC7-41C5-9BC2-C04F5E7CFC0F}.TRAIL_ASYNC|x64.Build.0 = Release|Any CPU
		{2BCDC94E-9AC7-41C5-9BC2-C04F5E7CFC0F}.TRAIL_ASYNC|x86.ActiveCfg = Release|Any CPU
		{2BCDC94E-9AC7-41C5-9BC2-C04F5E7CFC0F}.TRAIL_ASYNC|x86.Build.0 = Release|Any CPU
		{2BCDC94E-9AC7-41C5-9BC2-C04F5E7CFC0F}.TRAIL|Any CPU.ActiveCfg = Release|Any CPU
		{2BCDC94E-9AC7-41C5-9BC2-C04F5E7CFC0F}.TRAIL|Any CPU.Build.0 = Release|Any CPU
		{2BCDC94E-9AC7-41C5-9BC2-C04F5E7CFC0F}.TRAIL|x64.ActiveCfg = Release|Any CPU
		{2BCDC94E-9AC7-41C5-9BC2-C04F5E7CFC0F}.TRAIL|x64.Build.0 = Release|Any CPU
		{2BCDC94E-9AC7-41C5-9BC2-C04F5E7CFC0F}.TRAIL|x86.ActiveCfg = Release|Any CPU
		{2BCDC94E-9AC7-41C5-9BC2-C04F5E7CFC0F}.TRAIL|x86.Build.0 = Release|Any CPU
		{C4D875A6-5C91-4F78-8148-0DC9B897A0F2}.ASYNC|Any CPU.ActiveCfg = Release|Any CPU
		{C4D875A6-5C91-4F78-8148-0DC9B897A0F2}.ASYNC|Any CPU.Build.0 = Release|Any CPU
		{C4D875A6-5C91-4F78-8148-0DC9B897A0F2}.ASYNC|x64.ActiveCfg = Release|Any CPU
		{C4D875A6-5C91-4F78-8148-0DC9B897A0F2}.ASYNC|x64.Build.0 = Release|Any CPU
		{C4D875A6-5C91-4F78-8148-0DC9B897A0F2}.ASYNC|x86.ActiveCfg = Release|Any CPU
		{C4D875A6-5C91-4F78-8148-0DC9B897A0F2}.ASYNC|x86.Build.0 = Release|Any CPU
		{C4D875A6-5C91-4F78-8148-0DC9B897A0F2}.CD_ROM|Any CPU.ActiveCfg = Release|Any CPU
		{C4D875A6-5C91-4F78-8148-0DC9B897A0F2}.CD_ROM|Any CPU.Build.0 = Release|Any CPU
		{C4D875A6-5C91-4F78-8148-0DC9B897A0F2}.CD_ROM|x64.ActiveCfg = Release|Any CPU
		{C4D875A6-5C91-4F78-8148-0DC9B897A0F2}.CD_ROM|x64.Build.0 = Release|Any CPU
		{C4D875A6-5C91-4F78-8148-0DC9B897A0F2}.CD_ROM|x86.ActiveCfg = Release|Any CPU
		{C4D875A6-5C91-4F78-8148-0DC9B897A0F2}.CD_ROM|x86.Build.0 = Release|Any CPU
		{C4D875A6-5C91-4F78-8148-0DC9B897A0F2}.Debug|Any CPU.ActiveCfg = Debug|Any CPU
		{C4D875A6-5C91-4F78-8148-0DC9B897A0F2}.Debug|Any CPU.Build.0 = Debug|Any CPU
		{C4D875A6-5C91-4F78-8148-0DC9B897A0F2}.Debug|x64.ActiveCfg = Debug|Any CPU
		{C4D875A6-5C91-4F78-8148-0DC9B897A0F2}.Debug|x64.Build.0 = Debug|Any CPU
		{C4D875A6-5C91-4F78-8148-0DC9B897A0F2}.Debug|x86.ActiveCfg = Debug|Any CPU
		{C4D875A6-5C91-4F78-8148-0DC9B897A0F2}.Debug|x86.Build.0 = Debug|Any CPU
		{C4D875A6-5C91-4F78-8148-0DC9B897A0F2}.DVD-5|Any CPU.ActiveCfg = Debug|Any CPU
		{C4D875A6-5C91-4F78-8148-0DC9B897A0F2}.DVD-5|Any CPU.Build.0 = Debug|Any CPU
		{C4D875A6-5C91-4F78-8148-0DC9B897A0F2}.DVD-5|x64.ActiveCfg = Debug|Any CPU
		{C4D875A6-5C91-4F78-8148-0DC9B897A0F2}.DVD-5|x64.Build.0 = Debug|Any CPU
		{C4D875A6-5C91-4F78-8148-0DC9B897A0F2}.DVD-5|x86.ActiveCfg = Debug|Any CPU
		{C4D875A6-5C91-4F78-8148-0DC9B897A0F2}.DVD-5|x86.Build.0 = Debug|Any CPU
		{C4D875A6-5C91-4F78-8148-0DC9B897A0F2}.GOLD|Any CPU.ActiveCfg = Release|Any CPU
		{C4D875A6-5C91-4F78-8148-0DC9B897A0F2}.GOLD|Any CPU.Build.0 = Release|Any CPU
		{C4D875A6-5C91-4F78-8148-0DC9B897A0F2}.GOLD|x64.ActiveCfg = Release|Any CPU
		{C4D875A6-5C91-4F78-8148-0DC9B897A0F2}.GOLD|x64.Build.0 = Release|Any CPU
		{C4D875A6-5C91-4F78-8148-0DC9B897A0F2}.GOLD|x86.ActiveCfg = Release|Any CPU
		{C4D875A6-5C91-4F78-8148-0DC9B897A0F2}.GOLD|x86.Build.0 = Release|Any CPU
		{C4D875A6-5C91-4F78-8148-0DC9B897A0F2}.Release|Any CPU.ActiveCfg = Release|Any CPU
		{C4D875A6-5C91-4F78-8148-0DC9B897A0F2}.Release|Any CPU.Build.0 = Release|Any CPU
		{C4D875A6-5C91-4F78-8148-0DC9B897A0F2}.Release|x64.ActiveCfg = Release|Any CPU
		{C4D875A6-5C91-4F78-8148-0DC9B897A0F2}.Release|x64.Build.0 = Release|Any CPU
		{C4D875A6-5C91-4F78-8148-0DC9B897A0F2}.Release|x86.ActiveCfg = Release|Any CPU
		{C4D875A6-5C91-4F78-8148-0DC9B897A0F2}.Release|x86.Build.0 = Release|Any CPU
		{C4D875A6-5C91-4F78-8148-0DC9B897A0F2}.SingleImage|Any CPU.ActiveCfg = Release|Any CPU
		{C4D875A6-5C91-4F78-8148-0DC9B897A0F2}.SingleImage|Any CPU.Build.0 = Release|Any CPU
		{C4D875A6-5C91-4F78-8148-0DC9B897A0F2}.SingleImage|x64.ActiveCfg = Release|Any CPU
		{C4D875A6-5C91-4F78-8148-0DC9B897A0F2}.SingleImage|x64.Build.0 = Release|Any CPU
		{C4D875A6-5C91-4F78-8148-0DC9B897A0F2}.SingleImage|x86.ActiveCfg = Release|Any CPU
		{C4D875A6-5C91-4F78-8148-0DC9B897A0F2}.SingleImage|x86.Build.0 = Release|Any CPU
		{C4D875A6-5C91-4F78-8148-0DC9B897A0F2}.STD_IMAGE|Any CPU.ActiveCfg = Release|Any CPU
		{C4D875A6-5C91-4F78-8148-0DC9B897A0F2}.STD_IMAGE|Any CPU.Build.0 = Release|Any CPU
		{C4D875A6-5C91-4F78-8148-0DC9B897A0F2}.STD_IMAGE|x64.ActiveCfg = Release|Any CPU
		{C4D875A6-5C91-4F78-8148-0DC9B897A0F2}.STD_IMAGE|x64.Build.0 = Release|Any CPU
		{C4D875A6-5C91-4F78-8148-0DC9B897A0F2}.STD_IMAGE|x86.ActiveCfg = Release|Any CPU
		{C4D875A6-5C91-4F78-8148-0DC9B897A0F2}.STD_IMAGE|x86.Build.0 = Release|Any CPU
		{C4D875A6-5C91-4F78-8148-0DC9B897A0F2}.TRAIL_ASYNC|Any CPU.ActiveCfg = Release|Any CPU
		{C4D875A6-5C91-4F78-8148-0DC9B897A0F2}.TRAIL_ASYNC|Any CPU.Build.0 = Release|Any CPU
		{C4D875A6-5C91-4F78-8148-0DC9B897A0F2}.TRAIL_ASYNC|x64.ActiveCfg = Release|Any CPU
		{C4D875A6-5C91-4F78-8148-0DC9B897A0F2}.TRAIL_ASYNC|x64.Build.0 = Release|Any CPU
		{C4D875A6-5C91-4F78-8148-0DC9B897A0F2}.TRAIL_ASYNC|x86.ActiveCfg = Release|Any CPU
		{C4D875A6-5C91-4F78-8148-0DC9B897A0F2}.TRAIL_ASYNC|x86.Build.0 = Release|Any CPU
		{C4D875A6-5C91-4F78-8148-0DC9B897A0F2}.TRAIL|Any CPU.ActiveCfg = Release|Any CPU
		{C4D875A6-5C91-4F78-8148-0DC9B897A0F2}.TRAIL|Any CPU.Build.0 = Release|Any CPU
		{C4D875A6-5C91-4F78-8148-0DC9B897A0F2}.TRAIL|x64.ActiveCfg = Release|Any CPU
		{C4D875A6-5C91-4F78-8148-0DC9B897A0F2}.TRAIL|x64.Build.0 = Release|Any CPU
		{C4D875A6-5C91-4F78-8148-0DC9B897A0F2}.TRAIL|x86.ActiveCfg = Release|Any CPU
		{C4D875A6-5C91-4F78-8148-0DC9B897A0F2}.TRAIL|x86.Build.0 = Release|Any CPU
		{1AF621D8-754E-429C-B232-E388E8129CBB}.ASYNC|Any CPU.ActiveCfg = Release
		{1AF621D8-754E-429C-B232-E388E8129CBB}.ASYNC|x64.ActiveCfg = Release
		{1AF621D8-754E-429C-B232-E388E8129CBB}.ASYNC|x86.ActiveCfg = Release
		{1AF621D8-754E-429C-B232-E388E8129CBB}.CD_ROM|Any CPU.ActiveCfg = Release
		{1AF621D8-754E-429C-B232-E388E8129CBB}.CD_ROM|x64.ActiveCfg = Release
		{1AF621D8-754E-429C-B232-E388E8129CBB}.CD_ROM|x86.ActiveCfg = Release
		{1AF621D8-754E-429C-B232-E388E8129CBB}.Debug|Any CPU.ActiveCfg = Debug
		{1AF621D8-754E-429C-B232-E388E8129CBB}.Debug|x64.ActiveCfg = Debug
		{1AF621D8-754E-429C-B232-E388E8129CBB}.Debug|x86.ActiveCfg = Debug
		{1AF621D8-754E-429C-B232-E388E8129CBB}.DVD-5|Any CPU.ActiveCfg = Debug
		{1AF621D8-754E-429C-B232-E388E8129CBB}.DVD-5|x64.ActiveCfg = Debug
		{1AF621D8-754E-429C-B232-E388E8129CBB}.DVD-5|x86.ActiveCfg = Debug
		{1AF621D8-754E-429C-B232-E388E8129CBB}.GOLD|Any CPU.ActiveCfg = Release
		{1AF621D8-754E-429C-B232-E388E8129CBB}.GOLD|x64.ActiveCfg = Release
		{1AF621D8-754E-429C-B232-E388E8129CBB}.GOLD|x86.ActiveCfg = Release
		{1AF621D8-754E-429C-B232-E388E8129CBB}.Release|Any CPU.ActiveCfg = Release
		{1AF621D8-754E-429C-B232-E388E8129CBB}.Release|x64.ActiveCfg = Release
		{1AF621D8-754E-429C-B232-E388E8129CBB}.Release|x86.ActiveCfg = Release
		{1AF621D8-754E-429C-B232-E388E8129CBB}.SingleImage|Any CPU.ActiveCfg = Release
		{1AF621D8-754E-429C-B232-E388E8129CBB}.SingleImage|x64.ActiveCfg = Release
		{1AF621D8-754E-429C-B232-E388E8129CBB}.SingleImage|x86.ActiveCfg = Release
		{1AF621D8-754E-429C-B232-E388E8129CBB}.STD_IMAGE|Any CPU.ActiveCfg = Release
		{1AF621D8-754E-429C-B232-E388E8129CBB}.STD_IMAGE|x64.ActiveCfg = Release
		{1AF621D8-754E-429C-B232-E388E8129CBB}.STD_IMAGE|x86.ActiveCfg = Release
		{1AF621D8-754E-429C-B232-E388E8129CBB}.TRAIL_ASYNC|Any CPU.ActiveCfg = Release
		{1AF621D8-754E-429C-B232-E388E8129CBB}.TRAIL_ASYNC|x64.ActiveCfg = Release
		{1AF621D8-754E-429C-B232-E388E8129CBB}.TRAIL_ASYNC|x86.ActiveCfg = Release
		{1AF621D8-754E-429C-B232-E388E8129CBB}.TRAIL|Any CPU.ActiveCfg = Release
		{1AF621D8-754E-429C-B232-E388E8129CBB}.TRAIL|x64.ActiveCfg = Release
		{1AF621D8-754E-429C-B232-E388E8129CBB}.TRAIL|x86.ActiveCfg = Release
		{DF92320D-CD11-499B-8002-FF00B40F101A}.ASYNC|Any CPU.ActiveCfg = Release|Any CPU
		{DF92320D-CD11-499B-8002-FF00B40F101A}.ASYNC|Any CPU.Build.0 = Release|Any CPU
		{DF92320D-CD11-499B-8002-FF00B40F101A}.ASYNC|x64.ActiveCfg = Release|Any CPU
		{DF92320D-CD11-499B-8002-FF00B40F101A}.ASYNC|x64.Build.0 = Release|Any CPU
		{DF92320D-CD11-499B-8002-FF00B40F101A}.ASYNC|x86.ActiveCfg = Release|Any CPU
		{DF92320D-CD11-499B-8002-FF00B40F101A}.ASYNC|x86.Build.0 = Release|Any CPU
		{DF92320D-CD11-499B-8002-FF00B40F101A}.CD_ROM|Any CPU.ActiveCfg = Release|Any CPU
		{DF92320D-CD11-499B-8002-FF00B40F101A}.CD_ROM|Any CPU.Build.0 = Release|Any CPU
		{DF92320D-CD11-499B-8002-FF00B40F101A}.CD_ROM|x64.ActiveCfg = Release|Any CPU
		{DF92320D-CD11-499B-8002-FF00B40F101A}.CD_ROM|x64.Build.0 = Release|Any CPU
		{DF92320D-CD11-499B-8002-FF00B40F101A}.CD_ROM|x86.ActiveCfg = Release|Any CPU
		{DF92320D-CD11-499B-8002-FF00B40F101A}.CD_ROM|x86.Build.0 = Release|Any CPU
		{DF92320D-CD11-499B-8002-FF00B40F101A}.Debug|Any CPU.ActiveCfg = Debug|Any CPU
		{DF92320D-CD11-499B-8002-FF00B40F101A}.Debug|Any CPU.Build.0 = Debug|Any CPU
		{DF92320D-CD11-499B-8002-FF00B40F101A}.Debug|x64.ActiveCfg = Debug|Any CPU
		{DF92320D-CD11-499B-8002-FF00B40F101A}.Debug|x64.Build.0 = Debug|Any CPU
		{DF92320D-CD11-499B-8002-FF00B40F101A}.Debug|x86.ActiveCfg = Debug|Any CPU
		{DF92320D-CD11-499B-8002-FF00B40F101A}.Debug|x86.Build.0 = Debug|Any CPU
		{DF92320D-CD11-499B-8002-FF00B40F101A}.DVD-5|Any CPU.ActiveCfg = Debug|Any CPU
		{DF92320D-CD11-499B-8002-FF00B40F101A}.DVD-5|Any CPU.Build.0 = Debug|Any CPU
		{DF92320D-CD11-499B-8002-FF00B40F101A}.DVD-5|x64.ActiveCfg = Debug|Any CPU
		{DF92320D-CD11-499B-8002-FF00B40F101A}.DVD-5|x64.Build.0 = Debug|Any CPU
		{DF92320D-CD11-499B-8002-FF00B40F101A}.DVD-5|x86.ActiveCfg = Debug|Any CPU
		{DF92320D-CD11-499B-8002-FF00B40F101A}.DVD-5|x86.Build.0 = Debug|Any CPU
		{DF92320D-CD11-499B-8002-FF00B40F101A}.GOLD|Any CPU.ActiveCfg = Release|Any CPU
		{DF92320D-CD11-499B-8002-FF00B40F101A}.GOLD|Any CPU.Build.0 = Release|Any CPU
		{DF92320D-CD11-499B-8002-FF00B40F101A}.GOLD|x64.ActiveCfg = Release|Any CPU
		{DF92320D-CD11-499B-8002-FF00B40F101A}.GOLD|x64.Build.0 = Release|Any CPU
		{DF92320D-CD11-499B-8002-FF00B40F101A}.GOLD|x86.ActiveCfg = Release|Any CPU
		{DF92320D-CD11-499B-8002-FF00B40F101A}.GOLD|x86.Build.0 = Release|Any CPU
		{DF92320D-CD11-499B-8002-FF00B40F101A}.Release|Any CPU.ActiveCfg = Release|Any CPU
		{DF92320D-CD11-499B-8002-FF00B40F101A}.Release|Any CPU.Build.0 = Release|Any CPU
		{DF92320D-CD11-499B-8002-FF00B40F101A}.Release|x64.ActiveCfg = Release|Any CPU
		{DF92320D-CD11-499B-8002-FF00B40F101A}.Release|x64.Build.0 = Release|Any CPU
		{DF92320D-CD11-499B-8002-FF00B40F101A}.Release|x86.ActiveCfg = Release|Any CPU
		{DF92320D-CD11-499B-8002-FF00B40F101A}.Release|x86.Build.0 = Release|Any CPU
		{DF92320D-CD11-499B-8002-FF00B40F101A}.SingleImage|Any CPU.ActiveCfg = Release|Any CPU
		{DF92320D-CD11-499B-8002-FF00B40F101A}.SingleImage|Any CPU.Build.0 = Release|Any CPU
		{DF92320D-CD11-499B-8002-FF00B40F101A}.SingleImage|x64.ActiveCfg = Release|Any CPU
		{DF92320D-CD11-499B-8002-FF00B40F101A}.SingleImage|x64.Build.0 = Release|Any CPU
		{DF92320D-CD11-499B-8002-FF00B40F101A}.SingleImage|x86.ActiveCfg = Release|Any CPU
		{DF92320D-CD11-499B-8002-FF00B40F101A}.SingleImage|x86.Build.0 = Release|Any CPU
		{DF92320D-CD11-499B-8002-FF00B40F101A}.STD_IMAGE|Any CPU.ActiveCfg = Release|Any CPU
		{DF92320D-CD11-499B-8002-FF00B40F101A}.STD_IMAGE|Any CPU.Build.0 = Release|Any CPU
		{DF92320D-CD11-499B-8002-FF00B40F101A}.STD_IMAGE|x64.ActiveCfg = Release|Any CPU
		{DF92320D-CD11-499B-8002-FF00B40F101A}.STD_IMAGE|x64.Build.0 = Release|Any CPU
		{DF92320D-CD11-499B-8002-FF00B40F101A}.STD_IMAGE|x86.ActiveCfg = Release|Any CPU
		{DF92320D-CD11-499B-8002-FF00B40F101A}.STD_IMAGE|x86.Build.0 = Release|Any CPU
		{DF92320D-CD11-499B-8002-FF00B40F101A}.TRAIL_ASYNC|Any CPU.ActiveCfg = Release|Any CPU
		{DF92320D-CD11-499B-8002-FF00B40F101A}.TRAIL_ASYNC|Any CPU.Build.0 = Release|Any CPU
		{DF92320D-CD11-499B-8002-FF00B40F101A}.TRAIL_ASYNC|x64.ActiveCfg = Release|Any CPU
		{DF92320D-CD11-499B-8002-FF00B40F101A}.TRAIL_ASYNC|x64.Build.0 = Release|Any CPU
		{DF92320D-CD11-499B-8002-FF00B40F101A}.TRAIL_ASYNC|x86.ActiveCfg = Release|Any CPU
		{DF92320D-CD11-499B-8002-FF00B40F101A}.TRAIL_ASYNC|x86.Build.0 = Release|Any CPU
		{DF92320D-CD11-499B-8002-FF00B40F101A}.TRAIL|Any CPU.ActiveCfg = Release|Any CPU
		{DF92320D-CD11-499B-8002-FF00B40F101A}.TRAIL|Any CPU.Build.0 = Release|Any CPU
		{DF92320D-CD11-499B-8002-FF00B40F101A}.TRAIL|x64.ActiveCfg = Release|Any CPU
		{DF92320D-CD11-499B-8002-FF00B40F101A}.TRAIL|x64.Build.0 = Release|Any CPU
		{DF92320D-CD11-499B-8002-FF00B40F101A}.TRAIL|x86.ActiveCfg = Release|Any CPU
		{DF92320D-CD11-499B-8002-FF00B40F101A}.TRAIL|x86.Build.0 = Release|Any CPU
		{31E56CFC-B1E9-4DCF-85A0-E3F43B2146D4}.ASYNC|Any CPU.ActiveCfg = Release|Any CPU
		{31E56CFC-B1E9-4DCF-85A0-E3F43B2146D4}.ASYNC|Any CPU.Build.0 = Release|Any CPU
		{31E56CFC-B1E9-4DCF-85A0-E3F43B2146D4}.ASYNC|x64.ActiveCfg = Release|Any CPU
		{31E56CFC-B1E9-4DCF-85A0-E3F43B2146D4}.ASYNC|x64.Build.0 = Release|Any CPU
		{31E56CFC-B1E9-4DCF-85A0-E3F43B2146D4}.ASYNC|x86.ActiveCfg = Release|Any CPU
		{31E56CFC-B1E9-4DCF-85A0-E3F43B2146D4}.ASYNC|x86.Build.0 = Release|Any CPU
		{31E56CFC-B1E9-4DCF-85A0-E3F43B2146D4}.CD_ROM|Any CPU.ActiveCfg = Release|Any CPU
		{31E56CFC-B1E9-4DCF-85A0-E3F43B2146D4}.CD_ROM|Any CPU.Build.0 = Release|Any CPU
		{31E56CFC-B1E9-4DCF-85A0-E3F43B2146D4}.CD_ROM|x64.ActiveCfg = Release|Any CPU
		{31E56CFC-B1E9-4DCF-85A0-E3F43B2146D4}.CD_ROM|x64.Build.0 = Release|Any CPU
		{31E56CFC-B1E9-4DCF-85A0-E3F43B2146D4}.CD_ROM|x86.ActiveCfg = Release|Any CPU
		{31E56CFC-B1E9-4DCF-85A0-E3F43B2146D4}.CD_ROM|x86.Build.0 = Release|Any CPU
		{31E56CFC-B1E9-4DCF-85A0-E3F43B2146D4}.Debug|Any CPU.ActiveCfg = Debug|Any CPU
		{31E56CFC-B1E9-4DCF-85A0-E3F43B2146D4}.Debug|Any CPU.Build.0 = Debug|Any CPU
		{31E56CFC-B1E9-4DCF-85A0-E3F43B2146D4}.Debug|x64.ActiveCfg = Debug|Any CPU
		{31E56CFC-B1E9-4DCF-85A0-E3F43B2146D4}.Debug|x64.Build.0 = Debug|Any CPU
		{31E56CFC-B1E9-4DCF-85A0-E3F43B2146D4}.Debug|x86.ActiveCfg = Debug|Any CPU
		{31E56CFC-B1E9-4DCF-85A0-E3F43B2146D4}.Debug|x86.Build.0 = Debug|Any CPU
		{31E56CFC-B1E9-4DCF-85A0-E3F43B2146D4}.DVD-5|Any CPU.ActiveCfg = Debug|Any CPU
		{31E56CFC-B1E9-4DCF-85A0-E3F43B2146D4}.DVD-5|Any CPU.Build.0 = Debug|Any CPU
		{31E56CFC-B1E9-4DCF-85A0-E3F43B2146D4}.DVD-5|x64.ActiveCfg = Debug|Any CPU
		{31E56CFC-B1E9-4DCF-85A0-E3F43B2146D4}.DVD-5|x64.Build.0 = Debug|Any CPU
		{31E56CFC-B1E9-4DCF-85A0-E3F43B2146D4}.DVD-5|x86.ActiveCfg = Debug|Any CPU
		{31E56CFC-B1E9-4DCF-85A0-E3F43B2146D4}.DVD-5|x86.Build.0 = Debug|Any CPU
		{31E56CFC-B1E9-4DCF-85A0-E3F43B2146D4}.GOLD|Any CPU.ActiveCfg = Release|Any CPU
		{31E56CFC-B1E9-4DCF-85A0-E3F43B2146D4}.GOLD|Any CPU.Build.0 = Release|Any CPU
		{31E56CFC-B1E9-4DCF-85A0-E3F43B2146D4}.GOLD|x64.ActiveCfg = Release|Any CPU
		{31E56CFC-B1E9-4DCF-85A0-E3F43B2146D4}.GOLD|x64.Build.0 = Release|Any CPU
		{31E56CFC-B1E9-4DCF-85A0-E3F43B2146D4}.GOLD|x86.ActiveCfg = Release|Any CPU
		{31E56CFC-B1E9-4DCF-85A0-E3F43B2146D4}.GOLD|x86.Build.0 = Release|Any CPU
		{31E56CFC-B1E9-4DCF-85A0-E3F43B2146D4}.Release|Any CPU.ActiveCfg = Release|Any CPU
		{31E56CFC-B1E9-4DCF-85A0-E3F43B2146D4}.Release|Any CPU.Build.0 = Release|Any CPU
		{31E56CFC-B1E9-4DCF-85A0-E3F43B2146D4}.Release|x64.ActiveCfg = Release|Any CPU
		{31E56CFC-B1E9-4DCF-85A0-E3F43B2146D4}.Release|x64.Build.0 = Release|Any CPU
		{31E56CFC-B1E9-4DCF-85A0-E3F43B2146D4}.Release|x86.ActiveCfg = Release|Any CPU
		{31E56CFC-B1E9-4DCF-85A0-E3F43B2146D4}.Release|x86.Build.0 = Release|Any CPU
		{31E56CFC-B1E9-4DCF-85A0-E3F43B2146D4}.SingleImage|Any CPU.ActiveCfg = Release|Any CPU
		{31E56CFC-B1E9-4DCF-85A0-E3F43B2146D4}.SingleImage|Any CPU.Build.0 = Release|Any CPU
		{31E56CFC-B1E9-4DCF-85A0-E3F43B2146D4}.SingleImage|x64.ActiveCfg = Release|Any CPU
		{31E56CFC-B1E9-4DCF-85A0-E3F43B2146D4}.SingleImage|x64.Build.0 = Release|Any CPU
		{31E56CFC-B1E9-4DCF-85A0-E3F43B2146D4}.SingleImage|x86.ActiveCfg = Release|Any CPU
		{31E56CFC-B1E9-4DCF-85A0-E3F43B2146D4}.SingleImage|x86.Build.0 = Release|Any CPU
		{31E56CFC-B1E9-4DCF-85A0-E3F43B2146D4}.STD_IMAGE|Any CPU.ActiveCfg = Release|Any CPU
		{31E56CFC-B1E9-4DCF-85A0-E3F43B2146D4}.STD_IMAGE|Any CPU.Build.0 = Release|Any CPU
		{31E56CFC-B1E9-4DCF-85A0-E3F43B2146D4}.STD_IMAGE|x64.ActiveCfg = Release|Any CPU
		{31E56CFC-B1E9-4DCF-85A0-E3F43B2146D4}.STD_IMAGE|x64.Build.0 = Release|Any CPU
		{31E56CFC-B1E9-4DCF-85A0-E3F43B2146D4}.STD_IMAGE|x86.ActiveCfg = Release|Any CPU
		{31E56CFC-B1E9-4DCF-85A0-E3F43B2146D4}.STD_IMAGE|x86.Build.0 = Release|Any CPU
		{31E56CFC-B1E9-4DCF-85A0-E3F43B2146D4}.TRAIL_ASYNC|Any CPU.ActiveCfg = Release|Any CPU
		{31E56CFC-B1E9-4DCF-85A0-E3F43B2146D4}.TRAIL_ASYNC|Any CPU.Build.0 = Release|Any CPU
		{31E56CFC-B1E9-4DCF-85A0-E3F43B2146D4}.TRAIL_ASYNC|x64.ActiveCfg = Release|Any CPU
		{31E56CFC-B1E9-4DCF-85A0-E3F43B2146D4}.TRAIL_ASYNC|x64.Build.0 = Release|Any CPU
		{31E56CFC-B1E9-4DCF-85A0-E3F43B2146D4}.TRAIL_ASYNC|x86.ActiveCfg = Release|Any CPU
		{31E56CFC-B1E9-4DCF-85A0-E3F43B2146D4}.TRAIL_ASYNC|x86.Build.0 = Release|Any CPU
		{31E56CFC-B1E9-4DCF-85A0-E3F43B2146D4}.TRAIL|Any CPU.ActiveCfg = Release|Any CPU
		{31E56CFC-B1E9-4DCF-85A0-E3F43B2146D4}.TRAIL|Any CPU.Build.0 = Release|Any CPU
		{31E56CFC-B1E9-4DCF-85A0-E3F43B2146D4}.TRAIL|x64.ActiveCfg = Release|Any CPU
		{31E56CFC-B1E9-4DCF-85A0-E3F43B2146D4}.TRAIL|x64.Build.0 = Release|Any CPU
		{31E56CFC-B1E9-4DCF-85A0-E3F43B2146D4}.TRAIL|x86.ActiveCfg = Release|Any CPU
		{31E56CFC-B1E9-4DCF-85A0-E3F43B2146D4}.TRAIL|x86.Build.0 = Release|Any CPU
	EndGlobalSection
	GlobalSection(SolutionProperties) = preSolution
		HideSolutionNode = FALSE
	EndGlobalSection
EndGlobal
